
Microsoft Visual Studio Solution File, Format Version 12.00
# Visual Studio Version 16
VisualStudioVersion = 16.0.30517.126
MinimumVisualStudioVersion = 10.0.40219.1
Project("{9A19103F-16F7-4668-BE54-9A1E7A4F7556}") = "Domain.Infrastructure", "Domain.Infrastructure\Domain.Infrastructure.csproj", "{396C68C4-68AB-4AC3-9724-0971CD67C746}"
EndProject
Project("{2150E333-8FDC-42A3-9474-1A3956D46DE8}") = "Infrastructure", "Infrastructure", "{9BE7F3D4-CE51-419A-85C5-F4F062B0F160}"
EndProject
Project("{2150E333-8FDC-42A3-9474-1A3956D46DE8}") = "Log", "Log", "{A8D1F02B-6720-4C23-B475-3B25F544F6ED}"
EndProject
Project("{FAE04EC0-301F-11D3-BF4B-00C04F79EFBC}") = "Skeleton.NLog", "Skeleton.NLog\Skeleton.NLog.csproj", "{3C69E3DC-B07E-4F4C-99BA-3197CC245633}"
EndProject
Global
	GlobalSection(SolutionConfigurationPlatforms) = preSolution
		Debug|Any CPU = Debug|Any CPU
		Release|Any CPU = Release|Any CPU
	EndGlobalSection
	GlobalSection(ProjectConfigurationPlatforms) = postSolution
		{396C68C4-68AB-4AC3-9724-0971CD67C746}.Debug|Any CPU.ActiveCfg = Debug|Any CPU
		{396C68C4-68AB-4AC3-9724-0971CD67C746}.Debug|Any CPU.Build.0 = Debug|Any CPU
		{396C68C4-68AB-4AC3-9724-0971CD67C746}.Release|Any CPU.ActiveCfg = Release|Any CPU
		{396C68C4-68AB-4AC3-9724-0971CD67C746}.Release|Any CPU.Build.0 = Release|Any CPU
		{3C69E3DC-B07E-4F4C-99BA-3197CC245633}.Debug|Any CPU.ActiveCfg = Debug|Any CPU
		{3C69E3DC-B07E-4F4C-99BA-3197CC245633}.Debug|Any CPU.Build.0 = Debug|Any CPU
		{3C69E3DC-B07E-4F4C-99BA-3197CC245633}.Release|Any CPU.ActiveCfg = Release|Any CPU
		{3C69E3DC-B07E-4F4C-99BA-3197CC245633}.Release|Any CPU.Build.0 = Release|Any CPU
	EndGlobalSection
	GlobalSection(SolutionProperties) = preSolution
		HideSolutionNode = FALSE
	EndGlobalSection
	GlobalSection(NestedProjects) = preSolution
		{A8D1F02B-6720-4C23-B475-3B25F544F6ED} = {9BE7F3D4-CE51-419A-85C5-F4F062B0F160}
		{3C69E3DC-B07E-4F4C-99BA-3197CC245633} = {A8D1F02B-6720-4C23-B475-3B25F544F6ED}
	EndGlobalSection
	GlobalSection(ExtensibilityGlobals) = postSolution
		SolutionGuid = {BFF0EF0E-5955-4A13-AA7C-BF40818E1B92}
	EndGlobalSection
EndGlobal
