
Microsoft Visual Studio Solution File, Format Version 12.00
# Visual Studio Version 16
VisualStudioVersion = 16.0.30517.126
MinimumVisualStudioVersion = 10.0.40219.1
Project("{9A19103F-16F7-4668-BE54-9A1E7A4F7556}") = "Domain.Infrastructure", "Domain.Infrastructure\Domain.Infrastructure.csproj", "{396C68C4-68AB-4AC3-9724-0971CD67C746}"
EndProject
Project("{2150E333-8FDC-42A3-9474-1A3956D46DE8}") = "Infrastructure", "Infrastructure", "{9BE7F3D4-CE51-419A-85C5-F4F062B0F160}"
EndProject
Project("{2150E333-8FDC-42A3-9474-1A3956D46DE8}") = "Log", "Log", "{A8D1F02B-6720-4C23-B475-3B25F544F6ED}"
EndProject
Project("{9A19103F-16F7-4668-BE54-9A1E7A4F7556}") = "Skeleton.NLog", "Skeleton.NLog\Skeleton.NLog.csproj", "{3C69E3DC-B07E-4F4C-99BA-3197CC245633}"
EndProject
Project("{2150E333-8FDC-42A3-9474-1A3956D46DE8}") = "DependencyInjection", "DependencyInjection", "{D277700B-CDAE-4397-97F3-9199A45356E8}"
EndProject
Project("{9A19103F-16F7-4668-BE54-9A1E7A4F7556}") = "Skeleton.Ninject", "Skeleton.Ninject\Skeleton.Ninject.csproj", "{616CCCA4-8A09-442C-8BF0-4DB3CD0A9DB9}"
EndProject
Project("{2150E333-8FDC-42A3-9474-1A3956D46DE8}") = "Serialization", "Serialization", "{143D51F1-81FA-44FA-B5E0-3C830A5291CE}"
EndProject
Project("{9A19103F-16F7-4668-BE54-9A1E7A4F7556}") = "Skeleton.Serialization.NewtonSoft", "Skeleton.JsonSerializer\Skeleton.Serialization.NewtonSoft.csproj", "{7CBB3D89-9887-45F7-BACF-861288CAB371}"
EndProject
Project("{9A19103F-16F7-4668-BE54-9A1E7A4F7556}") = "Skeleton.Serialization.XmlSerializer", "Skeleton.Serialization.XmlSerializer\Skeleton.Serialization.XmlSerializer.csproj", "{51A6D8A7-F166-4F26-8F1E-34D527D03289}"
EndProject
Project("{9A19103F-16F7-4668-BE54-9A1E7A4F7556}") = "Skeleton.Serialization.Binary", "Skeleton.Serialization.Binary\Skeleton.Serialization.Binary.csproj", "{21681F11-11CC-45A8-B052-86973040D564}"
EndProject
Project("{2150E333-8FDC-42A3-9474-1A3956D46DE8}") = "Presentation", "Presentation", "{60877AB9-9FC3-4BBF-BC45-AC15F9E99540}"
EndProject
Project("{9A19103F-16F7-4668-BE54-9A1E7A4F7556}") = "Skeleton.WPF.Prism", "Skeleton.WPF.Prism\Skeleton.WPF.Prism.csproj", "{EF4CE183-387D-44C1-A61A-0466599FC4DF}"
EndProject
Project("{9A19103F-16F7-4668-BE54-9A1E7A4F7556}") = "Skeleton.Services", "Skeleton.Services\Skeleton.Services.csproj", "{59C958C8-8B71-43B6-8E85-12B5DCC62B7E}"
EndProject
Project("{2150E333-8FDC-42A3-9474-1A3956D46DE8}") = "Storage", "Storage", "{E431EF8E-2A2E-4FA7-9331-A4C96D2EFD31}"
EndProject
Project("{2150E333-8FDC-42A3-9474-1A3956D46DE8}") = "SQL", "SQL", "{3CE97673-FD14-4814-8FF9-B553A1564173}"
EndProject
Project("{FAE04EC0-301F-11D3-BF4B-00C04F79EFBC}") = "Skeleton.SQL.Dapper", "Skeleton.SQL.Dapper\Skeleton.SQL.Dapper.csproj", "{C5A81971-58DF-4151-8944-13996E239200}"
EndProject
Global
	GlobalSection(SolutionConfigurationPlatforms) = preSolution
		Debug|Any CPU = Debug|Any CPU
		Release|Any CPU = Release|Any CPU
	EndGlobalSection
	GlobalSection(ProjectConfigurationPlatforms) = postSolution
		{396C68C4-68AB-4AC3-9724-0971CD67C746}.Debug|Any CPU.ActiveCfg = Debug|Any CPU
		{396C68C4-68AB-4AC3-9724-0971CD67C746}.Debug|Any CPU.Build.0 = Debug|Any CPU
		{396C68C4-68AB-4AC3-9724-0971CD67C746}.Release|Any CPU.ActiveCfg = Release|Any CPU
		{396C68C4-68AB-4AC3-9724-0971CD67C746}.Release|Any CPU.Build.0 = Release|Any CPU
		{3C69E3DC-B07E-4F4C-99BA-3197CC245633}.Debug|Any CPU.ActiveCfg = Debug|Any CPU
		{3C69E3DC-B07E-4F4C-99BA-3197CC245633}.Debug|Any CPU.Build.0 = Debug|Any CPU
		{3C69E3DC-B07E-4F4C-99BA-3197CC245633}.Release|Any CPU.ActiveCfg = Release|Any CPU
		{3C69E3DC-B07E-4F4C-99BA-3197CC245633}.Release|Any CPU.Build.0 = Release|Any CPU
		{616CCCA4-8A09-442C-8BF0-4DB3CD0A9DB9}.Debug|Any CPU.ActiveCfg = Debug|Any CPU
		{616CCCA4-8A09-442C-8BF0-4DB3CD0A9DB9}.Debug|Any CPU.Build.0 = Debug|Any CPU
		{616CCCA4-8A09-442C-8BF0-4DB3CD0A9DB9}.Release|Any CPU.ActiveCfg = Release|Any CPU
		{616CCCA4-8A09-442C-8BF0-4DB3CD0A9DB9}.Release|Any CPU.Build.0 = Release|Any CPU
		{7CBB3D89-9887-45F7-BACF-861288CAB371}.Debug|Any CPU.ActiveCfg = Debug|Any CPU
		{7CBB3D89-9887-45F7-BACF-861288CAB371}.Debug|Any CPU.Build.0 = Debug|Any CPU
		{7CBB3D89-9887-45F7-BACF-861288CAB371}.Release|Any CPU.ActiveCfg = Release|Any CPU
		{7CBB3D89-9887-45F7-BACF-861288CAB371}.Release|Any CPU.Build.0 = Release|Any CPU
		{51A6D8A7-F166-4F26-8F1E-34D527D03289}.Debug|Any CPU.ActiveCfg = Debug|Any CPU
		{51A6D8A7-F166-4F26-8F1E-34D527D03289}.Debug|Any CPU.Build.0 = Debug|Any CPU
		{51A6D8A7-F166-4F26-8F1E-34D527D03289}.Release|Any CPU.ActiveCfg = Release|Any CPU
		{51A6D8A7-F166-4F26-8F1E-34D527D03289}.Release|Any CPU.Build.0 = Release|Any CPU
		{21681F11-11CC-45A8-B052-86973040D564}.Debug|Any CPU.ActiveCfg = Debug|Any CPU
		{21681F11-11CC-45A8-B052-86973040D564}.Debug|Any CPU.Build.0 = Debug|Any CPU
		{21681F11-11CC-45A8-B052-86973040D564}.Release|Any CPU.ActiveCfg = Release|Any CPU
		{21681F11-11CC-45A8-B052-86973040D564}.Release|Any CPU.Build.0 = Release|Any CPU
		{EF4CE183-387D-44C1-A61A-0466599FC4DF}.Debug|Any CPU.ActiveCfg = Debug|Any CPU
		{EF4CE183-387D-44C1-A61A-0466599FC4DF}.Debug|Any CPU.Build.0 = Debug|Any CPU
		{EF4CE183-387D-44C1-A61A-0466599FC4DF}.Release|Any CPU.ActiveCfg = Release|Any CPU
		{EF4CE183-387D-44C1-A61A-0466599FC4DF}.Release|Any CPU.Build.0 = Release|Any CPU
		{59C958C8-8B71-43B6-8E85-12B5DCC62B7E}.Debug|Any CPU.ActiveCfg = Debug|Any CPU
		{59C958C8-8B71-43B6-8E85-12B5DCC62B7E}.Debug|Any CPU.Build.0 = Debug|Any CPU
		{59C958C8-8B71-43B6-8E85-12B5DCC62B7E}.Release|Any CPU.ActiveCfg = Release|Any CPU
		{59C958C8-8B71-43B6-8E85-12B5DCC62B7E}.Release|Any CPU.Build.0 = Release|Any CPU
		{C5A81971-58DF-4151-8944-13996E239200}.Debug|Any CPU.ActiveCfg = Debug|Any CPU
		{C5A81971-58DF-4151-8944-13996E239200}.Debug|Any CPU.Build.0 = Debug|Any CPU
		{C5A81971-58DF-4151-8944-13996E239200}.Release|Any CPU.ActiveCfg = Release|Any CPU
		{C5A81971-58DF-4151-8944-13996E239200}.Release|Any CPU.Build.0 = Release|Any CPU
	EndGlobalSection
	GlobalSection(SolutionProperties) = preSolution
		HideSolutionNode = FALSE
	EndGlobalSection
	GlobalSection(NestedProjects) = preSolution
		{A8D1F02B-6720-4C23-B475-3B25F544F6ED} = {9BE7F3D4-CE51-419A-85C5-F4F062B0F160}
		{3C69E3DC-B07E-4F4C-99BA-3197CC245633} = {A8D1F02B-6720-4C23-B475-3B25F544F6ED}
		{D277700B-CDAE-4397-97F3-9199A45356E8} = {9BE7F3D4-CE51-419A-85C5-F4F062B0F160}
		{616CCCA4-8A09-442C-8BF0-4DB3CD0A9DB9} = {D277700B-CDAE-4397-97F3-9199A45356E8}
		{143D51F1-81FA-44FA-B5E0-3C830A5291CE} = {9BE7F3D4-CE51-419A-85C5-F4F062B0F160}
		{7CBB3D89-9887-45F7-BACF-861288CAB371} = {143D51F1-81FA-44FA-B5E0-3C830A5291CE}
		{51A6D8A7-F166-4F26-8F1E-34D527D03289} = {143D51F1-81FA-44FA-B5E0-3C830A5291CE}
		{21681F11-11CC-45A8-B052-86973040D564} = {143D51F1-81FA-44FA-B5E0-3C830A5291CE}
		{60877AB9-9FC3-4BBF-BC45-AC15F9E99540} = {9BE7F3D4-CE51-419A-85C5-F4F062B0F160}
		{EF4CE183-387D-44C1-A61A-0466599FC4DF} = {60877AB9-9FC3-4BBF-BC45-AC15F9E99540}
		{E431EF8E-2A2E-4FA7-9331-A4C96D2EFD31} = {9BE7F3D4-CE51-419A-85C5-F4F062B0F160}
		{3CE97673-FD14-4814-8FF9-B553A1564173} = {E431EF8E-2A2E-4FA7-9331-A4C96D2EFD31}
		{C5A81971-58DF-4151-8944-13996E239200} = {3CE97673-FD14-4814-8FF9-B553A1564173}
	EndGlobalSection
	GlobalSection(ExtensibilityGlobals) = postSolution
		SolutionGuid = {BFF0EF0E-5955-4A13-AA7C-BF40818E1B92}
	EndGlobalSection
EndGlobal
