
Microsoft Visual Studio Solution File, Format Version 12.00
# Visual Studio Version 16
VisualStudioVersion = 16.0.30517.126
MinimumVisualStudioVersion = 10.0.40219.1
Project("{9A19103F-16F7-4668-BE54-9A1E7A4F7556}") = "Domain.Infrastructure", "Domain.Infrastructure\Domain.Infrastructure.csproj", "{396C68C4-68AB-4AC3-9724-0971CD67C746}"
EndProject
Project("{2150E333-8FDC-42A3-9474-1A3956D46DE8}") = "Infrastructure", "Infrastructure", "{9BE7F3D4-CE51-419A-85C5-F4F062B0F160}"
EndProject
Project("{2150E333-8FDC-42A3-9474-1A3956D46DE8}") = "Log", "Log", "{A8D1F02B-6720-4C23-B475-3B25F544F6ED}"
EndProject
Project("{9A19103F-16F7-4668-BE54-9A1E7A4F7556}") = "Skeleton.NLog", "Skeleton.NLog\Skeleton.NLog.csproj", "{3C69E3DC-B07E-4F4C-99BA-3197CC245633}"
EndProject
Project("{2150E333-8FDC-42A3-9474-1A3956D46DE8}") = "DependencyInjection", "DependencyInjection", "{D277700B-CDAE-4397-97F3-9199A45356E8}"
EndProject
Project("{9A19103F-16F7-4668-BE54-9A1E7A4F7556}") = "Skeleton.Ninject", "Skeleton.Ninject\Skeleton.Ninject.csproj", "{616CCCA4-8A09-442C-8BF0-4DB3CD0A9DB9}"
EndProject
Project("{2150E333-8FDC-42A3-9474-1A3956D46DE8}") = "Serialization", "Serialization", "{143D51F1-81FA-44FA-B5E0-3C830A5291CE}"
EndProject
Project("{9A19103F-16F7-4668-BE54-9A1E7A4F7556}") = "Skeleton.Serialization.NewtonSoft", "Skeleton.JsonSerializer\Skeleton.Serialization.NewtonSoft.csproj", "{7CBB3D89-9887-45F7-BACF-861288CAB371}"
EndProject
Project("{9A19103F-16F7-4668-BE54-9A1E7A4F7556}") = "Skeleton.Serialization.XmlSerializer", "Skeleton.Serialization.XmlSerializer\Skeleton.Serialization.XmlSerializer.csproj", "{51A6D8A7-F166-4F26-8F1E-34D527D03289}"
EndProject
Project("{9A19103F-16F7-4668-BE54-9A1E7A4F7556}") = "Skeleton.Serialization.Binary", "Skeleton.Serialization.Binary\Skeleton.Serialization.Binary.csproj", "{21681F11-11CC-45A8-B052-86973040D564}"
EndProject
Project("{2150E333-8FDC-42A3-9474-1A3956D46DE8}") = "Presentation", "Presentation", "{60877AB9-9FC3-4BBF-BC45-AC15F9E99540}"
EndProject
Project("{9A19103F-16F7-4668-BE54-9A1E7A4F7556}") = "Skeleton.WPF.Prism", "Skeleton.WPF.Prism\Skeleton.WPF.Prism.csproj", "{EF4CE183-387D-44C1-A61A-0466599FC4DF}"
EndProject
Project("{9A19103F-16F7-4668-BE54-9A1E7A4F7556}") = "Skeleton.Services", "Skeleton.Services\Skeleton.Services.csproj", "{59C958C8-8B71-43B6-8E85-12B5DCC62B7E}"
EndProject
Project("{2150E333-8FDC-42A3-9474-1A3956D46DE8}") = "Storage", "Storage", "{E431EF8E-2A2E-4FA7-9331-A4C96D2EFD31}"
EndProject
Project("{2150E333-8FDC-42A3-9474-1A3956D46DE8}") = "SQL", "SQL", "{3CE97673-FD14-4814-8FF9-B553A1564173}"
EndProject
Project("{9A19103F-16F7-4668-BE54-9A1E7A4F7556}") = "Skeleton.SQL.Dapper", "Skeleton.SQL.Dapper\Skeleton.SQL.Dapper.csproj", "{C5A81971-58DF-4151-8944-13996E239200}"
EndProject
Project("{2150E333-8FDC-42A3-9474-1A3956D46DE8}") = "Messaging", "Messaging", "{45A46590-CE0B-4BFD-B6C9-E402881B9561}"
EndProject
Project("{2150E333-8FDC-42A3-9474-1A3956D46DE8}") = "Amqp", "Amqp", "{16715D10-15BE-4F8C-B5B2-ABF49020DC45}"
EndProject
Project("{9A19103F-16F7-4668-BE54-9A1E7A4F7556}") = "Skeleton.Amqp.RabbitMq", "Skeleton.Amqp.RabbitMq\Skeleton.Amqp.RabbitMq.csproj", "{28A07534-9D77-420D-B9B2-E84DC0BE9CC9}"
EndProject
Global
	GlobalSection(SolutionConfigurationPlatforms) = preSolution
		Ad-Hoc|Any CPU = Ad-Hoc|Any CPU
		Ad-Hoc|ARM = Ad-Hoc|ARM
		Ad-Hoc|ARM64 = Ad-Hoc|ARM64
		Ad-Hoc|iPhone = Ad-Hoc|iPhone
		Ad-Hoc|iPhoneSimulator = Ad-Hoc|iPhoneSimulator
		Ad-Hoc|x64 = Ad-Hoc|x64
		Ad-Hoc|x86 = Ad-Hoc|x86
		AppStore|Any CPU = AppStore|Any CPU
		AppStore|ARM = AppStore|ARM
		AppStore|ARM64 = AppStore|ARM64
		AppStore|iPhone = AppStore|iPhone
		AppStore|iPhoneSimulator = AppStore|iPhoneSimulator
		AppStore|x64 = AppStore|x64
		AppStore|x86 = AppStore|x86
		Debug|Any CPU = Debug|Any CPU
		Debug|ARM = Debug|ARM
		Debug|ARM64 = Debug|ARM64
		Debug|iPhone = Debug|iPhone
		Debug|iPhoneSimulator = Debug|iPhoneSimulator
		Debug|x64 = Debug|x64
		Debug|x86 = Debug|x86
		Release|Any CPU = Release|Any CPU
		Release|ARM = Release|ARM
		Release|ARM64 = Release|ARM64
		Release|iPhone = Release|iPhone
		Release|iPhoneSimulator = Release|iPhoneSimulator
		Release|x64 = Release|x64
		Release|x86 = Release|x86
	EndGlobalSection
	GlobalSection(ProjectConfigurationPlatforms) = postSolution
		{396C68C4-68AB-4AC3-9724-0971CD67C746}.Ad-Hoc|Any CPU.ActiveCfg = Release|Any CPU
		{396C68C4-68AB-4AC3-9724-0971CD67C746}.Ad-Hoc|Any CPU.Build.0 = Release|Any CPU
		{396C68C4-68AB-4AC3-9724-0971CD67C746}.Ad-Hoc|ARM.ActiveCfg = Release|Any CPU
		{396C68C4-68AB-4AC3-9724-0971CD67C746}.Ad-Hoc|ARM.Build.0 = Release|Any CPU
		{396C68C4-68AB-4AC3-9724-0971CD67C746}.Ad-Hoc|ARM64.ActiveCfg = Release|Any CPU
		{396C68C4-68AB-4AC3-9724-0971CD67C746}.Ad-Hoc|ARM64.Build.0 = Release|Any CPU
		{396C68C4-68AB-4AC3-9724-0971CD67C746}.Ad-Hoc|iPhone.ActiveCfg = Release|Any CPU
		{396C68C4-68AB-4AC3-9724-0971CD67C746}.Ad-Hoc|iPhone.Build.0 = Release|Any CPU
		{396C68C4-68AB-4AC3-9724-0971CD67C746}.Ad-Hoc|iPhoneSimulator.ActiveCfg = Release|Any CPU
		{396C68C4-68AB-4AC3-9724-0971CD67C746}.Ad-Hoc|iPhoneSimulator.Build.0 = Release|Any CPU
		{396C68C4-68AB-4AC3-9724-0971CD67C746}.Ad-Hoc|x64.ActiveCfg = Release|Any CPU
		{396C68C4-68AB-4AC3-9724-0971CD67C746}.Ad-Hoc|x64.Build.0 = Release|Any CPU
		{396C68C4-68AB-4AC3-9724-0971CD67C746}.Ad-Hoc|x86.ActiveCfg = Release|Any CPU
		{396C68C4-68AB-4AC3-9724-0971CD67C746}.Ad-Hoc|x86.Build.0 = Release|Any CPU
		{396C68C4-68AB-4AC3-9724-0971CD67C746}.AppStore|Any CPU.ActiveCfg = Release|Any CPU
		{396C68C4-68AB-4AC3-9724-0971CD67C746}.AppStore|Any CPU.Build.0 = Release|Any CPU
		{396C68C4-68AB-4AC3-9724-0971CD67C746}.AppStore|ARM.ActiveCfg = Release|Any CPU
		{396C68C4-68AB-4AC3-9724-0971CD67C746}.AppStore|ARM.Build.0 = Release|Any CPU
		{396C68C4-68AB-4AC3-9724-0971CD67C746}.AppStore|ARM64.ActiveCfg = Release|Any CPU
		{396C68C4-68AB-4AC3-9724-0971CD67C746}.AppStore|ARM64.Build.0 = Release|Any CPU
		{396C68C4-68AB-4AC3-9724-0971CD67C746}.AppStore|iPhone.ActiveCfg = Release|Any CPU
		{396C68C4-68AB-4AC3-9724-0971CD67C746}.AppStore|iPhone.Build.0 = Release|Any CPU
		{396C68C4-68AB-4AC3-9724-0971CD67C746}.AppStore|iPhoneSimulator.ActiveCfg = Release|Any CPU
		{396C68C4-68AB-4AC3-9724-0971CD67C746}.AppStore|iPhoneSimulator.Build.0 = Release|Any CPU
		{396C68C4-68AB-4AC3-9724-0971CD67C746}.AppStore|x64.ActiveCfg = Release|Any CPU
		{396C68C4-68AB-4AC3-9724-0971CD67C746}.AppStore|x64.Build.0 = Release|Any CPU
		{396C68C4-68AB-4AC3-9724-0971CD67C746}.AppStore|x86.ActiveCfg = Release|Any CPU
		{396C68C4-68AB-4AC3-9724-0971CD67C746}.AppStore|x86.Build.0 = Release|Any CPU
		{396C68C4-68AB-4AC3-9724-0971CD67C746}.Debug|Any CPU.ActiveCfg = Debug|Any CPU
		{396C68C4-68AB-4AC3-9724-0971CD67C746}.Debug|Any CPU.Build.0 = Debug|Any CPU
		{396C68C4-68AB-4AC3-9724-0971CD67C746}.Debug|ARM.ActiveCfg = Debug|Any CPU
		{396C68C4-68AB-4AC3-9724-0971CD67C746}.Debug|ARM.Build.0 = Debug|Any CPU
		{396C68C4-68AB-4AC3-9724-0971CD67C746}.Debug|ARM64.ActiveCfg = Debug|Any CPU
		{396C68C4-68AB-4AC3-9724-0971CD67C746}.Debug|ARM64.Build.0 = Debug|Any CPU
		{396C68C4-68AB-4AC3-9724-0971CD67C746}.Debug|iPhone.ActiveCfg = Debug|Any CPU
		{396C68C4-68AB-4AC3-9724-0971CD67C746}.Debug|iPhone.Build.0 = Debug|Any CPU
		{396C68C4-68AB-4AC3-9724-0971CD67C746}.Debug|iPhoneSimulator.ActiveCfg = Debug|Any CPU
		{396C68C4-68AB-4AC3-9724-0971CD67C746}.Debug|iPhoneSimulator.Build.0 = Debug|Any CPU
		{396C68C4-68AB-4AC3-9724-0971CD67C746}.Debug|x64.ActiveCfg = Debug|Any CPU
		{396C68C4-68AB-4AC3-9724-0971CD67C746}.Debug|x64.Build.0 = Debug|Any CPU
		{396C68C4-68AB-4AC3-9724-0971CD67C746}.Debug|x86.ActiveCfg = Debug|Any CPU
		{396C68C4-68AB-4AC3-9724-0971CD67C746}.Debug|x86.Build.0 = Debug|Any CPU
		{396C68C4-68AB-4AC3-9724-0971CD67C746}.Release|Any CPU.ActiveCfg = Release|Any CPU
		{396C68C4-68AB-4AC3-9724-0971CD67C746}.Release|Any CPU.Build.0 = Release|Any CPU
		{396C68C4-68AB-4AC3-9724-0971CD67C746}.Release|ARM.ActiveCfg = Release|Any CPU
		{396C68C4-68AB-4AC3-9724-0971CD67C746}.Release|ARM.Build.0 = Release|Any CPU
		{396C68C4-68AB-4AC3-9724-0971CD67C746}.Release|ARM64.ActiveCfg = Release|Any CPU
		{396C68C4-68AB-4AC3-9724-0971CD67C746}.Release|ARM64.Build.0 = Release|Any CPU
		{396C68C4-68AB-4AC3-9724-0971CD67C746}.Release|iPhone.ActiveCfg = Release|Any CPU
		{396C68C4-68AB-4AC3-9724-0971CD67C746}.Release|iPhone.Build.0 = Release|Any CPU
		{396C68C4-68AB-4AC3-9724-0971CD67C746}.Release|iPhoneSimulator.ActiveCfg = Release|Any CPU
		{396C68C4-68AB-4AC3-9724-0971CD67C746}.Release|iPhoneSimulator.Build.0 = Release|Any CPU
		{396C68C4-68AB-4AC3-9724-0971CD67C746}.Release|x64.ActiveCfg = Release|Any CPU
		{396C68C4-68AB-4AC3-9724-0971CD67C746}.Release|x64.Build.0 = Release|Any CPU
		{396C68C4-68AB-4AC3-9724-0971CD67C746}.Release|x86.ActiveCfg = Release|Any CPU
		{396C68C4-68AB-4AC3-9724-0971CD67C746}.Release|x86.Build.0 = Release|Any CPU
		{3C69E3DC-B07E-4F4C-99BA-3197CC245633}.Ad-Hoc|Any CPU.ActiveCfg = Release|Any CPU
		{3C69E3DC-B07E-4F4C-99BA-3197CC245633}.Ad-Hoc|Any CPU.Build.0 = Release|Any CPU
		{3C69E3DC-B07E-4F4C-99BA-3197CC245633}.Ad-Hoc|ARM.ActiveCfg = Release|Any CPU
		{3C69E3DC-B07E-4F4C-99BA-3197CC245633}.Ad-Hoc|ARM.Build.0 = Release|Any CPU
		{3C69E3DC-B07E-4F4C-99BA-3197CC245633}.Ad-Hoc|ARM64.ActiveCfg = Release|Any CPU
		{3C69E3DC-B07E-4F4C-99BA-3197CC245633}.Ad-Hoc|ARM64.Build.0 = Release|Any CPU
		{3C69E3DC-B07E-4F4C-99BA-3197CC245633}.Ad-Hoc|iPhone.ActiveCfg = Release|Any CPU
		{3C69E3DC-B07E-4F4C-99BA-3197CC245633}.Ad-Hoc|iPhone.Build.0 = Release|Any CPU
		{3C69E3DC-B07E-4F4C-99BA-3197CC245633}.Ad-Hoc|iPhoneSimulator.ActiveCfg = Release|Any CPU
		{3C69E3DC-B07E-4F4C-99BA-3197CC245633}.Ad-Hoc|iPhoneSimulator.Build.0 = Release|Any CPU
		{3C69E3DC-B07E-4F4C-99BA-3197CC245633}.Ad-Hoc|x64.ActiveCfg = Release|Any CPU
		{3C69E3DC-B07E-4F4C-99BA-3197CC245633}.Ad-Hoc|x64.Build.0 = Release|Any CPU
		{3C69E3DC-B07E-4F4C-99BA-3197CC245633}.Ad-Hoc|x86.ActiveCfg = Release|Any CPU
		{3C69E3DC-B07E-4F4C-99BA-3197CC245633}.Ad-Hoc|x86.Build.0 = Release|Any CPU
		{3C69E3DC-B07E-4F4C-99BA-3197CC245633}.AppStore|Any CPU.ActiveCfg = Release|Any CPU
		{3C69E3DC-B07E-4F4C-99BA-3197CC245633}.AppStore|Any CPU.Build.0 = Release|Any CPU
		{3C69E3DC-B07E-4F4C-99BA-3197CC245633}.AppStore|ARM.ActiveCfg = Release|Any CPU
		{3C69E3DC-B07E-4F4C-99BA-3197CC245633}.AppStore|ARM.Build.0 = Release|Any CPU
		{3C69E3DC-B07E-4F4C-99BA-3197CC245633}.AppStore|ARM64.ActiveCfg = Release|Any CPU
		{3C69E3DC-B07E-4F4C-99BA-3197CC245633}.AppStore|ARM64.Build.0 = Release|Any CPU
		{3C69E3DC-B07E-4F4C-99BA-3197CC245633}.AppStore|iPhone.ActiveCfg = Release|Any CPU
		{3C69E3DC-B07E-4F4C-99BA-3197CC245633}.AppStore|iPhone.Build.0 = Release|Any CPU
		{3C69E3DC-B07E-4F4C-99BA-3197CC245633}.AppStore|iPhoneSimulator.ActiveCfg = Release|Any CPU
		{3C69E3DC-B07E-4F4C-99BA-3197CC245633}.AppStore|iPhoneSimulator.Build.0 = Release|Any CPU
		{3C69E3DC-B07E-4F4C-99BA-3197CC245633}.AppStore|x64.ActiveCfg = Release|Any CPU
		{3C69E3DC-B07E-4F4C-99BA-3197CC245633}.AppStore|x64.Build.0 = Release|Any CPU
		{3C69E3DC-B07E-4F4C-99BA-3197CC245633}.AppStore|x86.ActiveCfg = Release|Any CPU
		{3C69E3DC-B07E-4F4C-99BA-3197CC245633}.AppStore|x86.Build.0 = Release|Any CPU
		{3C69E3DC-B07E-4F4C-99BA-3197CC245633}.Debug|Any CPU.ActiveCfg = Debug|Any CPU
		{3C69E3DC-B07E-4F4C-99BA-3197CC245633}.Debug|Any CPU.Build.0 = Debug|Any CPU
		{3C69E3DC-B07E-4F4C-99BA-3197CC245633}.Debug|ARM.ActiveCfg = Debug|Any CPU
		{3C69E3DC-B07E-4F4C-99BA-3197CC245633}.Debug|ARM.Build.0 = Debug|Any CPU
		{3C69E3DC-B07E-4F4C-99BA-3197CC245633}.Debug|ARM64.ActiveCfg = Debug|Any CPU
		{3C69E3DC-B07E-4F4C-99BA-3197CC245633}.Debug|ARM64.Build.0 = Debug|Any CPU
		{3C69E3DC-B07E-4F4C-99BA-3197CC245633}.Debug|iPhone.ActiveCfg = Debug|Any CPU
		{3C69E3DC-B07E-4F4C-99BA-3197CC245633}.Debug|iPhone.Build.0 = Debug|Any CPU
		{3C69E3DC-B07E-4F4C-99BA-3197CC245633}.Debug|iPhoneSimulator.ActiveCfg = Debug|Any CPU
		{3C69E3DC-B07E-4F4C-99BA-3197CC245633}.Debug|iPhoneSimulator.Build.0 = Debug|Any CPU
		{3C69E3DC-B07E-4F4C-99BA-3197CC245633}.Debug|x64.ActiveCfg = Debug|Any CPU
		{3C69E3DC-B07E-4F4C-99BA-3197CC245633}.Debug|x64.Build.0 = Debug|Any CPU
		{3C69E3DC-B07E-4F4C-99BA-3197CC245633}.Debug|x86.ActiveCfg = Debug|Any CPU
		{3C69E3DC-B07E-4F4C-99BA-3197CC245633}.Debug|x86.Build.0 = Debug|Any CPU
		{3C69E3DC-B07E-4F4C-99BA-3197CC245633}.Release|Any CPU.ActiveCfg = Release|Any CPU
		{3C69E3DC-B07E-4F4C-99BA-3197CC245633}.Release|Any CPU.Build.0 = Release|Any CPU
		{3C69E3DC-B07E-4F4C-99BA-3197CC245633}.Release|ARM.ActiveCfg = Release|Any CPU
		{3C69E3DC-B07E-4F4C-99BA-3197CC245633}.Release|ARM.Build.0 = Release|Any CPU
		{3C69E3DC-B07E-4F4C-99BA-3197CC245633}.Release|ARM64.ActiveCfg = Release|Any CPU
		{3C69E3DC-B07E-4F4C-99BA-3197CC245633}.Release|ARM64.Build.0 = Release|Any CPU
		{3C69E3DC-B07E-4F4C-99BA-3197CC245633}.Release|iPhone.ActiveCfg = Release|Any CPU
		{3C69E3DC-B07E-4F4C-99BA-3197CC245633}.Release|iPhone.Build.0 = Release|Any CPU
		{3C69E3DC-B07E-4F4C-99BA-3197CC245633}.Release|iPhoneSimulator.ActiveCfg = Release|Any CPU
		{3C69E3DC-B07E-4F4C-99BA-3197CC245633}.Release|iPhoneSimulator.Build.0 = Release|Any CPU
		{3C69E3DC-B07E-4F4C-99BA-3197CC245633}.Release|x64.ActiveCfg = Release|Any CPU
		{3C69E3DC-B07E-4F4C-99BA-3197CC245633}.Release|x64.Build.0 = Release|Any CPU
		{3C69E3DC-B07E-4F4C-99BA-3197CC245633}.Release|x86.ActiveCfg = Release|Any CPU
		{3C69E3DC-B07E-4F4C-99BA-3197CC245633}.Release|x86.Build.0 = Release|Any CPU
		{616CCCA4-8A09-442C-8BF0-4DB3CD0A9DB9}.Ad-Hoc|Any CPU.ActiveCfg = Release|Any CPU
		{616CCCA4-8A09-442C-8BF0-4DB3CD0A9DB9}.Ad-Hoc|Any CPU.Build.0 = Release|Any CPU
		{616CCCA4-8A09-442C-8BF0-4DB3CD0A9DB9}.Ad-Hoc|ARM.ActiveCfg = Release|Any CPU
		{616CCCA4-8A09-442C-8BF0-4DB3CD0A9DB9}.Ad-Hoc|ARM.Build.0 = Release|Any CPU
		{616CCCA4-8A09-442C-8BF0-4DB3CD0A9DB9}.Ad-Hoc|ARM64.ActiveCfg = Release|Any CPU
		{616CCCA4-8A09-442C-8BF0-4DB3CD0A9DB9}.Ad-Hoc|ARM64.Build.0 = Release|Any CPU
		{616CCCA4-8A09-442C-8BF0-4DB3CD0A9DB9}.Ad-Hoc|iPhone.ActiveCfg = Release|Any CPU
		{616CCCA4-8A09-442C-8BF0-4DB3CD0A9DB9}.Ad-Hoc|iPhone.Build.0 = Release|Any CPU
		{616CCCA4-8A09-442C-8BF0-4DB3CD0A9DB9}.Ad-Hoc|iPhoneSimulator.ActiveCfg = Release|Any CPU
		{616CCCA4-8A09-442C-8BF0-4DB3CD0A9DB9}.Ad-Hoc|iPhoneSimulator.Build.0 = Release|Any CPU
		{616CCCA4-8A09-442C-8BF0-4DB3CD0A9DB9}.Ad-Hoc|x64.ActiveCfg = Release|Any CPU
		{616CCCA4-8A09-442C-8BF0-4DB3CD0A9DB9}.Ad-Hoc|x64.Build.0 = Release|Any CPU
		{616CCCA4-8A09-442C-8BF0-4DB3CD0A9DB9}.Ad-Hoc|x86.ActiveCfg = Release|Any CPU
		{616CCCA4-8A09-442C-8BF0-4DB3CD0A9DB9}.Ad-Hoc|x86.Build.0 = Release|Any CPU
		{616CCCA4-8A09-442C-8BF0-4DB3CD0A9DB9}.AppStore|Any CPU.ActiveCfg = Release|Any CPU
		{616CCCA4-8A09-442C-8BF0-4DB3CD0A9DB9}.AppStore|Any CPU.Build.0 = Release|Any CPU
		{616CCCA4-8A09-442C-8BF0-4DB3CD0A9DB9}.AppStore|ARM.ActiveCfg = Release|Any CPU
		{616CCCA4-8A09-442C-8BF0-4DB3CD0A9DB9}.AppStore|ARM.Build.0 = Release|Any CPU
		{616CCCA4-8A09-442C-8BF0-4DB3CD0A9DB9}.AppStore|ARM64.ActiveCfg = Release|Any CPU
		{616CCCA4-8A09-442C-8BF0-4DB3CD0A9DB9}.AppStore|ARM64.Build.0 = Release|Any CPU
		{616CCCA4-8A09-442C-8BF0-4DB3CD0A9DB9}.AppStore|iPhone.ActiveCfg = Release|Any CPU
		{616CCCA4-8A09-442C-8BF0-4DB3CD0A9DB9}.AppStore|iPhone.Build.0 = Release|Any CPU
		{616CCCA4-8A09-442C-8BF0-4DB3CD0A9DB9}.AppStore|iPhoneSimulator.ActiveCfg = Release|Any CPU
		{616CCCA4-8A09-442C-8BF0-4DB3CD0A9DB9}.AppStore|iPhoneSimulator.Build.0 = Release|Any CPU
		{616CCCA4-8A09-442C-8BF0-4DB3CD0A9DB9}.AppStore|x64.ActiveCfg = Release|Any CPU
		{616CCCA4-8A09-442C-8BF0-4DB3CD0A9DB9}.AppStore|x64.Build.0 = Release|Any CPU
		{616CCCA4-8A09-442C-8BF0-4DB3CD0A9DB9}.AppStore|x86.ActiveCfg = Release|Any CPU
		{616CCCA4-8A09-442C-8BF0-4DB3CD0A9DB9}.AppStore|x86.Build.0 = Release|Any CPU
		{616CCCA4-8A09-442C-8BF0-4DB3CD0A9DB9}.Debug|Any CPU.ActiveCfg = Debug|Any CPU
		{616CCCA4-8A09-442C-8BF0-4DB3CD0A9DB9}.Debug|Any CPU.Build.0 = Debug|Any CPU
		{616CCCA4-8A09-442C-8BF0-4DB3CD0A9DB9}.Debug|ARM.ActiveCfg = Debug|Any CPU
		{616CCCA4-8A09-442C-8BF0-4DB3CD0A9DB9}.Debug|ARM.Build.0 = Debug|Any CPU
		{616CCCA4-8A09-442C-8BF0-4DB3CD0A9DB9}.Debug|ARM64.ActiveCfg = Debug|Any CPU
		{616CCCA4-8A09-442C-8BF0-4DB3CD0A9DB9}.Debug|ARM64.Build.0 = Debug|Any CPU
		{616CCCA4-8A09-442C-8BF0-4DB3CD0A9DB9}.Debug|iPhone.ActiveCfg = Debug|Any CPU
		{616CCCA4-8A09-442C-8BF0-4DB3CD0A9DB9}.Debug|iPhone.Build.0 = Debug|Any CPU
		{616CCCA4-8A09-442C-8BF0-4DB3CD0A9DB9}.Debug|iPhoneSimulator.ActiveCfg = Debug|Any CPU
		{616CCCA4-8A09-442C-8BF0-4DB3CD0A9DB9}.Debug|iPhoneSimulator.Build.0 = Debug|Any CPU
		{616CCCA4-8A09-442C-8BF0-4DB3CD0A9DB9}.Debug|x64.ActiveCfg = Debug|Any CPU
		{616CCCA4-8A09-442C-8BF0-4DB3CD0A9DB9}.Debug|x64.Build.0 = Debug|Any CPU
		{616CCCA4-8A09-442C-8BF0-4DB3CD0A9DB9}.Debug|x86.ActiveCfg = Debug|Any CPU
		{616CCCA4-8A09-442C-8BF0-4DB3CD0A9DB9}.Debug|x86.Build.0 = Debug|Any CPU
		{616CCCA4-8A09-442C-8BF0-4DB3CD0A9DB9}.Release|Any CPU.ActiveCfg = Release|Any CPU
		{616CCCA4-8A09-442C-8BF0-4DB3CD0A9DB9}.Release|Any CPU.Build.0 = Release|Any CPU
		{616CCCA4-8A09-442C-8BF0-4DB3CD0A9DB9}.Release|ARM.ActiveCfg = Release|Any CPU
		{616CCCA4-8A09-442C-8BF0-4DB3CD0A9DB9}.Release|ARM.Build.0 = Release|Any CPU
		{616CCCA4-8A09-442C-8BF0-4DB3CD0A9DB9}.Release|ARM64.ActiveCfg = Release|Any CPU
		{616CCCA4-8A09-442C-8BF0-4DB3CD0A9DB9}.Release|ARM64.Build.0 = Release|Any CPU
		{616CCCA4-8A09-442C-8BF0-4DB3CD0A9DB9}.Release|iPhone.ActiveCfg = Release|Any CPU
		{616CCCA4-8A09-442C-8BF0-4DB3CD0A9DB9}.Release|iPhone.Build.0 = Release|Any CPU
		{616CCCA4-8A09-442C-8BF0-4DB3CD0A9DB9}.Release|iPhoneSimulator.ActiveCfg = Release|Any CPU
		{616CCCA4-8A09-442C-8BF0-4DB3CD0A9DB9}.Release|iPhoneSimulator.Build.0 = Release|Any CPU
		{616CCCA4-8A09-442C-8BF0-4DB3CD0A9DB9}.Release|x64.ActiveCfg = Release|Any CPU
		{616CCCA4-8A09-442C-8BF0-4DB3CD0A9DB9}.Release|x64.Build.0 = Release|Any CPU
		{616CCCA4-8A09-442C-8BF0-4DB3CD0A9DB9}.Release|x86.ActiveCfg = Release|Any CPU
		{616CCCA4-8A09-442C-8BF0-4DB3CD0A9DB9}.Release|x86.Build.0 = Release|Any CPU
		{7CBB3D89-9887-45F7-BACF-861288CAB371}.Ad-Hoc|Any CPU.ActiveCfg = Release|Any CPU
		{7CBB3D89-9887-45F7-BACF-861288CAB371}.Ad-Hoc|Any CPU.Build.0 = Release|Any CPU
		{7CBB3D89-9887-45F7-BACF-861288CAB371}.Ad-Hoc|ARM.ActiveCfg = Release|Any CPU
		{7CBB3D89-9887-45F7-BACF-861288CAB371}.Ad-Hoc|ARM.Build.0 = Release|Any CPU
		{7CBB3D89-9887-45F7-BACF-861288CAB371}.Ad-Hoc|ARM64.ActiveCfg = Release|Any CPU
		{7CBB3D89-9887-45F7-BACF-861288CAB371}.Ad-Hoc|ARM64.Build.0 = Release|Any CPU
		{7CBB3D89-9887-45F7-BACF-861288CAB371}.Ad-Hoc|iPhone.ActiveCfg = Release|Any CPU
		{7CBB3D89-9887-45F7-BACF-861288CAB371}.Ad-Hoc|iPhone.Build.0 = Release|Any CPU
		{7CBB3D89-9887-45F7-BACF-861288CAB371}.Ad-Hoc|iPhoneSimulator.ActiveCfg = Release|Any CPU
		{7CBB3D89-9887-45F7-BACF-861288CAB371}.Ad-Hoc|iPhoneSimulator.Build.0 = Release|Any CPU
		{7CBB3D89-9887-45F7-BACF-861288CAB371}.Ad-Hoc|x64.ActiveCfg = Release|Any CPU
		{7CBB3D89-9887-45F7-BACF-861288CAB371}.Ad-Hoc|x64.Build.0 = Release|Any CPU
		{7CBB3D89-9887-45F7-BACF-861288CAB371}.Ad-Hoc|x86.ActiveCfg = Release|Any CPU
		{7CBB3D89-9887-45F7-BACF-861288CAB371}.Ad-Hoc|x86.Build.0 = Release|Any CPU
		{7CBB3D89-9887-45F7-BACF-861288CAB371}.AppStore|Any CPU.ActiveCfg = Release|Any CPU
		{7CBB3D89-9887-45F7-BACF-861288CAB371}.AppStore|Any CPU.Build.0 = Release|Any CPU
		{7CBB3D89-9887-45F7-BACF-861288CAB371}.AppStore|ARM.ActiveCfg = Release|Any CPU
		{7CBB3D89-9887-45F7-BACF-861288CAB371}.AppStore|ARM.Build.0 = Release|Any CPU
		{7CBB3D89-9887-45F7-BACF-861288CAB371}.AppStore|ARM64.ActiveCfg = Release|Any CPU
		{7CBB3D89-9887-45F7-BACF-861288CAB371}.AppStore|ARM64.Build.0 = Release|Any CPU
		{7CBB3D89-9887-45F7-BACF-861288CAB371}.AppStore|iPhone.ActiveCfg = Release|Any CPU
		{7CBB3D89-9887-45F7-BACF-861288CAB371}.AppStore|iPhone.Build.0 = Release|Any CPU
		{7CBB3D89-9887-45F7-BACF-861288CAB371}.AppStore|iPhoneSimulator.ActiveCfg = Release|Any CPU
		{7CBB3D89-9887-45F7-BACF-861288CAB371}.AppStore|iPhoneSimulator.Build.0 = Release|Any CPU
		{7CBB3D89-9887-45F7-BACF-861288CAB371}.AppStore|x64.ActiveCfg = Release|Any CPU
		{7CBB3D89-9887-45F7-BACF-861288CAB371}.AppStore|x64.Build.0 = Release|Any CPU
		{7CBB3D89-9887-45F7-BACF-861288CAB371}.AppStore|x86.ActiveCfg = Release|Any CPU
		{7CBB3D89-9887-45F7-BACF-861288CAB371}.AppStore|x86.Build.0 = Release|Any CPU
		{7CBB3D89-9887-45F7-BACF-861288CAB371}.Debug|Any CPU.ActiveCfg = Debug|Any CPU
		{7CBB3D89-9887-45F7-BACF-861288CAB371}.Debug|Any CPU.Build.0 = Debug|Any CPU
		{7CBB3D89-9887-45F7-BACF-861288CAB371}.Debug|ARM.ActiveCfg = Debug|Any CPU
		{7CBB3D89-9887-45F7-BACF-861288CAB371}.Debug|ARM.Build.0 = Debug|Any CPU
		{7CBB3D89-9887-45F7-BACF-861288CAB371}.Debug|ARM64.ActiveCfg = Debug|Any CPU
		{7CBB3D89-9887-45F7-BACF-861288CAB371}.Debug|ARM64.Build.0 = Debug|Any CPU
		{7CBB3D89-9887-45F7-BACF-861288CAB371}.Debug|iPhone.ActiveCfg = Debug|Any CPU
		{7CBB3D89-9887-45F7-BACF-861288CAB371}.Debug|iPhone.Build.0 = Debug|Any CPU
		{7CBB3D89-9887-45F7-BACF-861288CAB371}.Debug|iPhoneSimulator.ActiveCfg = Debug|Any CPU
		{7CBB3D89-9887-45F7-BACF-861288CAB371}.Debug|iPhoneSimulator.Build.0 = Debug|Any CPU
		{7CBB3D89-9887-45F7-BACF-861288CAB371}.Debug|x64.ActiveCfg = Debug|Any CPU
		{7CBB3D89-9887-45F7-BACF-861288CAB371}.Debug|x64.Build.0 = Debug|Any CPU
		{7CBB3D89-9887-45F7-BACF-861288CAB371}.Debug|x86.ActiveCfg = Debug|Any CPU
		{7CBB3D89-9887-45F7-BACF-861288CAB371}.Debug|x86.Build.0 = Debug|Any CPU
		{7CBB3D89-9887-45F7-BACF-861288CAB371}.Release|Any CPU.ActiveCfg = Release|Any CPU
		{7CBB3D89-9887-45F7-BACF-861288CAB371}.Release|Any CPU.Build.0 = Release|Any CPU
		{7CBB3D89-9887-45F7-BACF-861288CAB371}.Release|ARM.ActiveCfg = Release|Any CPU
		{7CBB3D89-9887-45F7-BACF-861288CAB371}.Release|ARM.Build.0 = Release|Any CPU
		{7CBB3D89-9887-45F7-BACF-861288CAB371}.Release|ARM64.ActiveCfg = Release|Any CPU
		{7CBB3D89-9887-45F7-BACF-861288CAB371}.Release|ARM64.Build.0 = Release|Any CPU
		{7CBB3D89-9887-45F7-BACF-861288CAB371}.Release|iPhone.ActiveCfg = Release|Any CPU
		{7CBB3D89-9887-45F7-BACF-861288CAB371}.Release|iPhone.Build.0 = Release|Any CPU
		{7CBB3D89-9887-45F7-BACF-861288CAB371}.Release|iPhoneSimulator.ActiveCfg = Release|Any CPU
		{7CBB3D89-9887-45F7-BACF-861288CAB371}.Release|iPhoneSimulator.Build.0 = Release|Any CPU
		{7CBB3D89-9887-45F7-BACF-861288CAB371}.Release|x64.ActiveCfg = Release|Any CPU
		{7CBB3D89-9887-45F7-BACF-861288CAB371}.Release|x64.Build.0 = Release|Any CPU
		{7CBB3D89-9887-45F7-BACF-861288CAB371}.Release|x86.ActiveCfg = Release|Any CPU
		{7CBB3D89-9887-45F7-BACF-861288CAB371}.Release|x86.Build.0 = Release|Any CPU
		{51A6D8A7-F166-4F26-8F1E-34D527D03289}.Ad-Hoc|Any CPU.ActiveCfg = Release|Any CPU
		{51A6D8A7-F166-4F26-8F1E-34D527D03289}.Ad-Hoc|Any CPU.Build.0 = Release|Any CPU
		{51A6D8A7-F166-4F26-8F1E-34D527D03289}.Ad-Hoc|ARM.ActiveCfg = Release|Any CPU
		{51A6D8A7-F166-4F26-8F1E-34D527D03289}.Ad-Hoc|ARM.Build.0 = Release|Any CPU
		{51A6D8A7-F166-4F26-8F1E-34D527D03289}.Ad-Hoc|ARM64.ActiveCfg = Release|Any CPU
		{51A6D8A7-F166-4F26-8F1E-34D527D03289}.Ad-Hoc|ARM64.Build.0 = Release|Any CPU
		{51A6D8A7-F166-4F26-8F1E-34D527D03289}.Ad-Hoc|iPhone.ActiveCfg = Release|Any CPU
		{51A6D8A7-F166-4F26-8F1E-34D527D03289}.Ad-Hoc|iPhone.Build.0 = Release|Any CPU
		{51A6D8A7-F166-4F26-8F1E-34D527D03289}.Ad-Hoc|iPhoneSimulator.ActiveCfg = Release|Any CPU
		{51A6D8A7-F166-4F26-8F1E-34D527D03289}.Ad-Hoc|iPhoneSimulator.Build.0 = Release|Any CPU
		{51A6D8A7-F166-4F26-8F1E-34D527D03289}.Ad-Hoc|x64.ActiveCfg = Release|Any CPU
		{51A6D8A7-F166-4F26-8F1E-34D527D03289}.Ad-Hoc|x64.Build.0 = Release|Any CPU
		{51A6D8A7-F166-4F26-8F1E-34D527D03289}.Ad-Hoc|x86.ActiveCfg = Release|Any CPU
		{51A6D8A7-F166-4F26-8F1E-34D527D03289}.Ad-Hoc|x86.Build.0 = Release|Any CPU
		{51A6D8A7-F166-4F26-8F1E-34D527D03289}.AppStore|Any CPU.ActiveCfg = Release|Any CPU
		{51A6D8A7-F166-4F26-8F1E-34D527D03289}.AppStore|Any CPU.Build.0 = Release|Any CPU
		{51A6D8A7-F166-4F26-8F1E-34D527D03289}.AppStore|ARM.ActiveCfg = Release|Any CPU
		{51A6D8A7-F166-4F26-8F1E-34D527D03289}.AppStore|ARM.Build.0 = Release|Any CPU
		{51A6D8A7-F166-4F26-8F1E-34D527D03289}.AppStore|ARM64.ActiveCfg = Release|Any CPU
		{51A6D8A7-F166-4F26-8F1E-34D527D03289}.AppStore|ARM64.Build.0 = Release|Any CPU
		{51A6D8A7-F166-4F26-8F1E-34D527D03289}.AppStore|iPhone.ActiveCfg = Release|Any CPU
		{51A6D8A7-F166-4F26-8F1E-34D527D03289}.AppStore|iPhone.Build.0 = Release|Any CPU
		{51A6D8A7-F166-4F26-8F1E-34D527D03289}.AppStore|iPhoneSimulator.ActiveCfg = Release|Any CPU
		{51A6D8A7-F166-4F26-8F1E-34D527D03289}.AppStore|iPhoneSimulator.Build.0 = Release|Any CPU
		{51A6D8A7-F166-4F26-8F1E-34D527D03289}.AppStore|x64.ActiveCfg = Release|Any CPU
		{51A6D8A7-F166-4F26-8F1E-34D527D03289}.AppStore|x64.Build.0 = Release|Any CPU
		{51A6D8A7-F166-4F26-8F1E-34D527D03289}.AppStore|x86.ActiveCfg = Release|Any CPU
		{51A6D8A7-F166-4F26-8F1E-34D527D03289}.AppStore|x86.Build.0 = Release|Any CPU
		{51A6D8A7-F166-4F26-8F1E-34D527D03289}.Debug|Any CPU.ActiveCfg = Debug|Any CPU
		{51A6D8A7-F166-4F26-8F1E-34D527D03289}.Debug|Any CPU.Build.0 = Debug|Any CPU
		{51A6D8A7-F166-4F26-8F1E-34D527D03289}.Debug|ARM.ActiveCfg = Debug|Any CPU
		{51A6D8A7-F166-4F26-8F1E-34D527D03289}.Debug|ARM.Build.0 = Debug|Any CPU
		{51A6D8A7-F166-4F26-8F1E-34D527D03289}.Debug|ARM64.ActiveCfg = Debug|Any CPU
		{51A6D8A7-F166-4F26-8F1E-34D527D03289}.Debug|ARM64.Build.0 = Debug|Any CPU
		{51A6D8A7-F166-4F26-8F1E-34D527D03289}.Debug|iPhone.ActiveCfg = Debug|Any CPU
		{51A6D8A7-F166-4F26-8F1E-34D527D03289}.Debug|iPhone.Build.0 = Debug|Any CPU
		{51A6D8A7-F166-4F26-8F1E-34D527D03289}.Debug|iPhoneSimulator.ActiveCfg = Debug|Any CPU
		{51A6D8A7-F166-4F26-8F1E-34D527D03289}.Debug|iPhoneSimulator.Build.0 = Debug|Any CPU
		{51A6D8A7-F166-4F26-8F1E-34D527D03289}.Debug|x64.ActiveCfg = Debug|Any CPU
		{51A6D8A7-F166-4F26-8F1E-34D527D03289}.Debug|x64.Build.0 = Debug|Any CPU
		{51A6D8A7-F166-4F26-8F1E-34D527D03289}.Debug|x86.ActiveCfg = Debug|Any CPU
		{51A6D8A7-F166-4F26-8F1E-34D527D03289}.Debug|x86.Build.0 = Debug|Any CPU
		{51A6D8A7-F166-4F26-8F1E-34D527D03289}.Release|Any CPU.ActiveCfg = Release|Any CPU
		{51A6D8A7-F166-4F26-8F1E-34D527D03289}.Release|Any CPU.Build.0 = Release|Any CPU
		{51A6D8A7-F166-4F26-8F1E-34D527D03289}.Release|ARM.ActiveCfg = Release|Any CPU
		{51A6D8A7-F166-4F26-8F1E-34D527D03289}.Release|ARM.Build.0 = Release|Any CPU
		{51A6D8A7-F166-4F26-8F1E-34D527D03289}.Release|ARM64.ActiveCfg = Release|Any CPU
		{51A6D8A7-F166-4F26-8F1E-34D527D03289}.Release|ARM64.Build.0 = Release|Any CPU
		{51A6D8A7-F166-4F26-8F1E-34D527D03289}.Release|iPhone.ActiveCfg = Release|Any CPU
		{51A6D8A7-F166-4F26-8F1E-34D527D03289}.Release|iPhone.Build.0 = Release|Any CPU
		{51A6D8A7-F166-4F26-8F1E-34D527D03289}.Release|iPhoneSimulator.ActiveCfg = Release|Any CPU
		{51A6D8A7-F166-4F26-8F1E-34D527D03289}.Release|iPhoneSimulator.Build.0 = Release|Any CPU
		{51A6D8A7-F166-4F26-8F1E-34D527D03289}.Release|x64.ActiveCfg = Release|Any CPU
		{51A6D8A7-F166-4F26-8F1E-34D527D03289}.Release|x64.Build.0 = Release|Any CPU
		{51A6D8A7-F166-4F26-8F1E-34D527D03289}.Release|x86.ActiveCfg = Release|Any CPU
		{51A6D8A7-F166-4F26-8F1E-34D527D03289}.Release|x86.Build.0 = Release|Any CPU
		{21681F11-11CC-45A8-B052-86973040D564}.Ad-Hoc|Any CPU.ActiveCfg = Release|Any CPU
		{21681F11-11CC-45A8-B052-86973040D564}.Ad-Hoc|Any CPU.Build.0 = Release|Any CPU
		{21681F11-11CC-45A8-B052-86973040D564}.Ad-Hoc|ARM.ActiveCfg = Release|Any CPU
		{21681F11-11CC-45A8-B052-86973040D564}.Ad-Hoc|ARM.Build.0 = Release|Any CPU
		{21681F11-11CC-45A8-B052-86973040D564}.Ad-Hoc|ARM64.ActiveCfg = Release|Any CPU
		{21681F11-11CC-45A8-B052-86973040D564}.Ad-Hoc|ARM64.Build.0 = Release|Any CPU
		{21681F11-11CC-45A8-B052-86973040D564}.Ad-Hoc|iPhone.ActiveCfg = Release|Any CPU
		{21681F11-11CC-45A8-B052-86973040D564}.Ad-Hoc|iPhone.Build.0 = Release|Any CPU
		{21681F11-11CC-45A8-B052-86973040D564}.Ad-Hoc|iPhoneSimulator.ActiveCfg = Release|Any CPU
		{21681F11-11CC-45A8-B052-86973040D564}.Ad-Hoc|iPhoneSimulator.Build.0 = Release|Any CPU
		{21681F11-11CC-45A8-B052-86973040D564}.Ad-Hoc|x64.ActiveCfg = Release|Any CPU
		{21681F11-11CC-45A8-B052-86973040D564}.Ad-Hoc|x64.Build.0 = Release|Any CPU
		{21681F11-11CC-45A8-B052-86973040D564}.Ad-Hoc|x86.ActiveCfg = Release|Any CPU
		{21681F11-11CC-45A8-B052-86973040D564}.Ad-Hoc|x86.Build.0 = Release|Any CPU
		{21681F11-11CC-45A8-B052-86973040D564}.AppStore|Any CPU.ActiveCfg = Release|Any CPU
		{21681F11-11CC-45A8-B052-86973040D564}.AppStore|Any CPU.Build.0 = Release|Any CPU
		{21681F11-11CC-45A8-B052-86973040D564}.AppStore|ARM.ActiveCfg = Release|Any CPU
		{21681F11-11CC-45A8-B052-86973040D564}.AppStore|ARM.Build.0 = Release|Any CPU
		{21681F11-11CC-45A8-B052-86973040D564}.AppStore|ARM64.ActiveCfg = Release|Any CPU
		{21681F11-11CC-45A8-B052-86973040D564}.AppStore|ARM64.Build.0 = Release|Any CPU
		{21681F11-11CC-45A8-B052-86973040D564}.AppStore|iPhone.ActiveCfg = Release|Any CPU
		{21681F11-11CC-45A8-B052-86973040D564}.AppStore|iPhone.Build.0 = Release|Any CPU
		{21681F11-11CC-45A8-B052-86973040D564}.AppStore|iPhoneSimulator.ActiveCfg = Release|Any CPU
		{21681F11-11CC-45A8-B052-86973040D564}.AppStore|iPhoneSimulator.Build.0 = Release|Any CPU
		{21681F11-11CC-45A8-B052-86973040D564}.AppStore|x64.ActiveCfg = Release|Any CPU
		{21681F11-11CC-45A8-B052-86973040D564}.AppStore|x64.Build.0 = Release|Any CPU
		{21681F11-11CC-45A8-B052-86973040D564}.AppStore|x86.ActiveCfg = Release|Any CPU
		{21681F11-11CC-45A8-B052-86973040D564}.AppStore|x86.Build.0 = Release|Any CPU
		{21681F11-11CC-45A8-B052-86973040D564}.Debug|Any CPU.ActiveCfg = Debug|Any CPU
		{21681F11-11CC-45A8-B052-86973040D564}.Debug|Any CPU.Build.0 = Debug|Any CPU
		{21681F11-11CC-45A8-B052-86973040D564}.Debug|ARM.ActiveCfg = Debug|Any CPU
		{21681F11-11CC-45A8-B052-86973040D564}.Debug|ARM.Build.0 = Debug|Any CPU
		{21681F11-11CC-45A8-B052-86973040D564}.Debug|ARM64.ActiveCfg = Debug|Any CPU
		{21681F11-11CC-45A8-B052-86973040D564}.Debug|ARM64.Build.0 = Debug|Any CPU
		{21681F11-11CC-45A8-B052-86973040D564}.Debug|iPhone.ActiveCfg = Debug|Any CPU
		{21681F11-11CC-45A8-B052-86973040D564}.Debug|iPhone.Build.0 = Debug|Any CPU
		{21681F11-11CC-45A8-B052-86973040D564}.Debug|iPhoneSimulator.ActiveCfg = Debug|Any CPU
		{21681F11-11CC-45A8-B052-86973040D564}.Debug|iPhoneSimulator.Build.0 = Debug|Any CPU
		{21681F11-11CC-45A8-B052-86973040D564}.Debug|x64.ActiveCfg = Debug|Any CPU
		{21681F11-11CC-45A8-B052-86973040D564}.Debug|x64.Build.0 = Debug|Any CPU
		{21681F11-11CC-45A8-B052-86973040D564}.Debug|x86.ActiveCfg = Debug|Any CPU
		{21681F11-11CC-45A8-B052-86973040D564}.Debug|x86.Build.0 = Debug|Any CPU
		{21681F11-11CC-45A8-B052-86973040D564}.Release|Any CPU.ActiveCfg = Release|Any CPU
		{21681F11-11CC-45A8-B052-86973040D564}.Release|Any CPU.Build.0 = Release|Any CPU
		{21681F11-11CC-45A8-B052-86973040D564}.Release|ARM.ActiveCfg = Release|Any CPU
		{21681F11-11CC-45A8-B052-86973040D564}.Release|ARM.Build.0 = Release|Any CPU
		{21681F11-11CC-45A8-B052-86973040D564}.Release|ARM64.ActiveCfg = Release|Any CPU
		{21681F11-11CC-45A8-B052-86973040D564}.Release|ARM64.Build.0 = Release|Any CPU
		{21681F11-11CC-45A8-B052-86973040D564}.Release|iPhone.ActiveCfg = Release|Any CPU
		{21681F11-11CC-45A8-B052-86973040D564}.Release|iPhone.Build.0 = Release|Any CPU
		{21681F11-11CC-45A8-B052-86973040D564}.Release|iPhoneSimulator.ActiveCfg = Release|Any CPU
		{21681F11-11CC-45A8-B052-86973040D564}.Release|iPhoneSimulator.Build.0 = Release|Any CPU
		{21681F11-11CC-45A8-B052-86973040D564}.Release|x64.ActiveCfg = Release|Any CPU
		{21681F11-11CC-45A8-B052-86973040D564}.Release|x64.Build.0 = Release|Any CPU
		{21681F11-11CC-45A8-B052-86973040D564}.Release|x86.ActiveCfg = Release|Any CPU
		{21681F11-11CC-45A8-B052-86973040D564}.Release|x86.Build.0 = Release|Any CPU
		{EF4CE183-387D-44C1-A61A-0466599FC4DF}.Ad-Hoc|Any CPU.ActiveCfg = Release|Any CPU
		{EF4CE183-387D-44C1-A61A-0466599FC4DF}.Ad-Hoc|Any CPU.Build.0 = Release|Any CPU
		{EF4CE183-387D-44C1-A61A-0466599FC4DF}.Ad-Hoc|ARM.ActiveCfg = Release|Any CPU
		{EF4CE183-387D-44C1-A61A-0466599FC4DF}.Ad-Hoc|ARM.Build.0 = Release|Any CPU
		{EF4CE183-387D-44C1-A61A-0466599FC4DF}.Ad-Hoc|ARM64.ActiveCfg = Release|Any CPU
		{EF4CE183-387D-44C1-A61A-0466599FC4DF}.Ad-Hoc|ARM64.Build.0 = Release|Any CPU
		{EF4CE183-387D-44C1-A61A-0466599FC4DF}.Ad-Hoc|iPhone.ActiveCfg = Release|Any CPU
		{EF4CE183-387D-44C1-A61A-0466599FC4DF}.Ad-Hoc|iPhone.Build.0 = Release|Any CPU
		{EF4CE183-387D-44C1-A61A-0466599FC4DF}.Ad-Hoc|iPhoneSimulator.ActiveCfg = Release|Any CPU
		{EF4CE183-387D-44C1-A61A-0466599FC4DF}.Ad-Hoc|iPhoneSimulator.Build.0 = Release|Any CPU
		{EF4CE183-387D-44C1-A61A-0466599FC4DF}.Ad-Hoc|x64.ActiveCfg = Release|Any CPU
		{EF4CE183-387D-44C1-A61A-0466599FC4DF}.Ad-Hoc|x64.Build.0 = Release|Any CPU
		{EF4CE183-387D-44C1-A61A-0466599FC4DF}.Ad-Hoc|x86.ActiveCfg = Release|Any CPU
		{EF4CE183-387D-44C1-A61A-0466599FC4DF}.Ad-Hoc|x86.Build.0 = Release|Any CPU
		{EF4CE183-387D-44C1-A61A-0466599FC4DF}.AppStore|Any CPU.ActiveCfg = Release|Any CPU
		{EF4CE183-387D-44C1-A61A-0466599FC4DF}.AppStore|Any CPU.Build.0 = Release|Any CPU
		{EF4CE183-387D-44C1-A61A-0466599FC4DF}.AppStore|ARM.ActiveCfg = Release|Any CPU
		{EF4CE183-387D-44C1-A61A-0466599FC4DF}.AppStore|ARM.Build.0 = Release|Any CPU
		{EF4CE183-387D-44C1-A61A-0466599FC4DF}.AppStore|ARM64.ActiveCfg = Release|Any CPU
		{EF4CE183-387D-44C1-A61A-0466599FC4DF}.AppStore|ARM64.Build.0 = Release|Any CPU
		{EF4CE183-387D-44C1-A61A-0466599FC4DF}.AppStore|iPhone.ActiveCfg = Release|Any CPU
		{EF4CE183-387D-44C1-A61A-0466599FC4DF}.AppStore|iPhone.Build.0 = Release|Any CPU
		{EF4CE183-387D-44C1-A61A-0466599FC4DF}.AppStore|iPhoneSimulator.ActiveCfg = Release|Any CPU
		{EF4CE183-387D-44C1-A61A-0466599FC4DF}.AppStore|iPhoneSimulator.Build.0 = Release|Any CPU
		{EF4CE183-387D-44C1-A61A-0466599FC4DF}.AppStore|x64.ActiveCfg = Release|Any CPU
		{EF4CE183-387D-44C1-A61A-0466599FC4DF}.AppStore|x64.Build.0 = Release|Any CPU
		{EF4CE183-387D-44C1-A61A-0466599FC4DF}.AppStore|x86.ActiveCfg = Release|Any CPU
		{EF4CE183-387D-44C1-A61A-0466599FC4DF}.AppStore|x86.Build.0 = Release|Any CPU
		{EF4CE183-387D-44C1-A61A-0466599FC4DF}.Debug|Any CPU.ActiveCfg = Debug|Any CPU
		{EF4CE183-387D-44C1-A61A-0466599FC4DF}.Debug|Any CPU.Build.0 = Debug|Any CPU
		{EF4CE183-387D-44C1-A61A-0466599FC4DF}.Debug|ARM.ActiveCfg = Debug|Any CPU
		{EF4CE183-387D-44C1-A61A-0466599FC4DF}.Debug|ARM.Build.0 = Debug|Any CPU
		{EF4CE183-387D-44C1-A61A-0466599FC4DF}.Debug|ARM64.ActiveCfg = Debug|Any CPU
		{EF4CE183-387D-44C1-A61A-0466599FC4DF}.Debug|ARM64.Build.0 = Debug|Any CPU
		{EF4CE183-387D-44C1-A61A-0466599FC4DF}.Debug|iPhone.ActiveCfg = Debug|Any CPU
		{EF4CE183-387D-44C1-A61A-0466599FC4DF}.Debug|iPhone.Build.0 = Debug|Any CPU
		{EF4CE183-387D-44C1-A61A-0466599FC4DF}.Debug|iPhoneSimulator.ActiveCfg = Debug|Any CPU
		{EF4CE183-387D-44C1-A61A-0466599FC4DF}.Debug|iPhoneSimulator.Build.0 = Debug|Any CPU
		{EF4CE183-387D-44C1-A61A-0466599FC4DF}.Debug|x64.ActiveCfg = Debug|Any CPU
		{EF4CE183-387D-44C1-A61A-0466599FC4DF}.Debug|x64.Build.0 = Debug|Any CPU
		{EF4CE183-387D-44C1-A61A-0466599FC4DF}.Debug|x86.ActiveCfg = Debug|Any CPU
		{EF4CE183-387D-44C1-A61A-0466599FC4DF}.Debug|x86.Build.0 = Debug|Any CPU
		{EF4CE183-387D-44C1-A61A-0466599FC4DF}.Release|Any CPU.ActiveCfg = Release|Any CPU
		{EF4CE183-387D-44C1-A61A-0466599FC4DF}.Release|Any CPU.Build.0 = Release|Any CPU
		{EF4CE183-387D-44C1-A61A-0466599FC4DF}.Release|ARM.ActiveCfg = Release|Any CPU
		{EF4CE183-387D-44C1-A61A-0466599FC4DF}.Release|ARM.Build.0 = Release|Any CPU
		{EF4CE183-387D-44C1-A61A-0466599FC4DF}.Release|ARM64.ActiveCfg = Release|Any CPU
		{EF4CE183-387D-44C1-A61A-0466599FC4DF}.Release|ARM64.Build.0 = Release|Any CPU
		{EF4CE183-387D-44C1-A61A-0466599FC4DF}.Release|iPhone.ActiveCfg = Release|Any CPU
		{EF4CE183-387D-44C1-A61A-0466599FC4DF}.Release|iPhone.Build.0 = Release|Any CPU
		{EF4CE183-387D-44C1-A61A-0466599FC4DF}.Release|iPhoneSimulator.ActiveCfg = Release|Any CPU
		{EF4CE183-387D-44C1-A61A-0466599FC4DF}.Release|iPhoneSimulator.Build.0 = Release|Any CPU
		{EF4CE183-387D-44C1-A61A-0466599FC4DF}.Release|x64.ActiveCfg = Release|Any CPU
		{EF4CE183-387D-44C1-A61A-0466599FC4DF}.Release|x64.Build.0 = Release|Any CPU
		{EF4CE183-387D-44C1-A61A-0466599FC4DF}.Release|x86.ActiveCfg = Release|Any CPU
		{EF4CE183-387D-44C1-A61A-0466599FC4DF}.Release|x86.Build.0 = Release|Any CPU
		{59C958C8-8B71-43B6-8E85-12B5DCC62B7E}.Ad-Hoc|Any CPU.ActiveCfg = Release|Any CPU
		{59C958C8-8B71-43B6-8E85-12B5DCC62B7E}.Ad-Hoc|Any CPU.Build.0 = Release|Any CPU
		{59C958C8-8B71-43B6-8E85-12B5DCC62B7E}.Ad-Hoc|ARM.ActiveCfg = Release|Any CPU
		{59C958C8-8B71-43B6-8E85-12B5DCC62B7E}.Ad-Hoc|ARM.Build.0 = Release|Any CPU
		{59C958C8-8B71-43B6-8E85-12B5DCC62B7E}.Ad-Hoc|ARM64.ActiveCfg = Release|Any CPU
		{59C958C8-8B71-43B6-8E85-12B5DCC62B7E}.Ad-Hoc|ARM64.Build.0 = Release|Any CPU
		{59C958C8-8B71-43B6-8E85-12B5DCC62B7E}.Ad-Hoc|iPhone.ActiveCfg = Release|Any CPU
		{59C958C8-8B71-43B6-8E85-12B5DCC62B7E}.Ad-Hoc|iPhone.Build.0 = Release|Any CPU
		{59C958C8-8B71-43B6-8E85-12B5DCC62B7E}.Ad-Hoc|iPhoneSimulator.ActiveCfg = Release|Any CPU
		{59C958C8-8B71-43B6-8E85-12B5DCC62B7E}.Ad-Hoc|iPhoneSimulator.Build.0 = Release|Any CPU
		{59C958C8-8B71-43B6-8E85-12B5DCC62B7E}.Ad-Hoc|x64.ActiveCfg = Release|Any CPU
		{59C958C8-8B71-43B6-8E85-12B5DCC62B7E}.Ad-Hoc|x64.Build.0 = Release|Any CPU
		{59C958C8-8B71-43B6-8E85-12B5DCC62B7E}.Ad-Hoc|x86.ActiveCfg = Release|Any CPU
		{59C958C8-8B71-43B6-8E85-12B5DCC62B7E}.Ad-Hoc|x86.Build.0 = Release|Any CPU
		{59C958C8-8B71-43B6-8E85-12B5DCC62B7E}.AppStore|Any CPU.ActiveCfg = Release|Any CPU
		{59C958C8-8B71-43B6-8E85-12B5DCC62B7E}.AppStore|Any CPU.Build.0 = Release|Any CPU
		{59C958C8-8B71-43B6-8E85-12B5DCC62B7E}.AppStore|ARM.ActiveCfg = Release|Any CPU
		{59C958C8-8B71-43B6-8E85-12B5DCC62B7E}.AppStore|ARM.Build.0 = Release|Any CPU
		{59C958C8-8B71-43B6-8E85-12B5DCC62B7E}.AppStore|ARM64.ActiveCfg = Release|Any CPU
		{59C958C8-8B71-43B6-8E85-12B5DCC62B7E}.AppStore|ARM64.Build.0 = Release|Any CPU
		{59C958C8-8B71-43B6-8E85-12B5DCC62B7E}.AppStore|iPhone.ActiveCfg = Release|Any CPU
		{59C958C8-8B71-43B6-8E85-12B5DCC62B7E}.AppStore|iPhone.Build.0 = Release|Any CPU
		{59C958C8-8B71-43B6-8E85-12B5DCC62B7E}.AppStore|iPhoneSimulator.ActiveCfg = Release|Any CPU
		{59C958C8-8B71-43B6-8E85-12B5DCC62B7E}.AppStore|iPhoneSimulator.Build.0 = Release|Any CPU
		{59C958C8-8B71-43B6-8E85-12B5DCC62B7E}.AppStore|x64.ActiveCfg = Release|Any CPU
		{59C958C8-8B71-43B6-8E85-12B5DCC62B7E}.AppStore|x64.Build.0 = Release|Any CPU
		{59C958C8-8B71-43B6-8E85-12B5DCC62B7E}.AppStore|x86.ActiveCfg = Release|Any CPU
		{59C958C8-8B71-43B6-8E85-12B5DCC62B7E}.AppStore|x86.Build.0 = Release|Any CPU
		{59C958C8-8B71-43B6-8E85-12B5DCC62B7E}.Debug|Any CPU.ActiveCfg = Debug|Any CPU
		{59C958C8-8B71-43B6-8E85-12B5DCC62B7E}.Debug|Any CPU.Build.0 = Debug|Any CPU
		{59C958C8-8B71-43B6-8E85-12B5DCC62B7E}.Debug|ARM.ActiveCfg = Debug|Any CPU
		{59C958C8-8B71-43B6-8E85-12B5DCC62B7E}.Debug|ARM.Build.0 = Debug|Any CPU
		{59C958C8-8B71-43B6-8E85-12B5DCC62B7E}.Debug|ARM64.ActiveCfg = Debug|Any CPU
		{59C958C8-8B71-43B6-8E85-12B5DCC62B7E}.Debug|ARM64.Build.0 = Debug|Any CPU
		{59C958C8-8B71-43B6-8E85-12B5DCC62B7E}.Debug|iPhone.ActiveCfg = Debug|Any CPU
		{59C958C8-8B71-43B6-8E85-12B5DCC62B7E}.Debug|iPhone.Build.0 = Debug|Any CPU
		{59C958C8-8B71-43B6-8E85-12B5DCC62B7E}.Debug|iPhoneSimulator.ActiveCfg = Debug|Any CPU
		{59C958C8-8B71-43B6-8E85-12B5DCC62B7E}.Debug|iPhoneSimulator.Build.0 = Debug|Any CPU
		{59C958C8-8B71-43B6-8E85-12B5DCC62B7E}.Debug|x64.ActiveCfg = Debug|Any CPU
		{59C958C8-8B71-43B6-8E85-12B5DCC62B7E}.Debug|x64.Build.0 = Debug|Any CPU
		{59C958C8-8B71-43B6-8E85-12B5DCC62B7E}.Debug|x86.ActiveCfg = Debug|Any CPU
		{59C958C8-8B71-43B6-8E85-12B5DCC62B7E}.Debug|x86.Build.0 = Debug|Any CPU
		{59C958C8-8B71-43B6-8E85-12B5DCC62B7E}.Release|Any CPU.ActiveCfg = Release|Any CPU
		{59C958C8-8B71-43B6-8E85-12B5DCC62B7E}.Release|Any CPU.Build.0 = Release|Any CPU
		{59C958C8-8B71-43B6-8E85-12B5DCC62B7E}.Release|ARM.ActiveCfg = Release|Any CPU
		{59C958C8-8B71-43B6-8E85-12B5DCC62B7E}.Release|ARM.Build.0 = Release|Any CPU
		{59C958C8-8B71-43B6-8E85-12B5DCC62B7E}.Release|ARM64.ActiveCfg = Release|Any CPU
		{59C958C8-8B71-43B6-8E85-12B5DCC62B7E}.Release|ARM64.Build.0 = Release|Any CPU
		{59C958C8-8B71-43B6-8E85-12B5DCC62B7E}.Release|iPhone.ActiveCfg = Release|Any CPU
		{59C958C8-8B71-43B6-8E85-12B5DCC62B7E}.Release|iPhone.Build.0 = Release|Any CPU
		{59C958C8-8B71-43B6-8E85-12B5DCC62B7E}.Release|iPhoneSimulator.ActiveCfg = Release|Any CPU
		{59C958C8-8B71-43B6-8E85-12B5DCC62B7E}.Release|iPhoneSimulator.Build.0 = Release|Any CPU
		{59C958C8-8B71-43B6-8E85-12B5DCC62B7E}.Release|x64.ActiveCfg = Release|Any CPU
		{59C958C8-8B71-43B6-8E85-12B5DCC62B7E}.Release|x64.Build.0 = Release|Any CPU
		{59C958C8-8B71-43B6-8E85-12B5DCC62B7E}.Release|x86.ActiveCfg = Release|Any CPU
		{59C958C8-8B71-43B6-8E85-12B5DCC62B7E}.Release|x86.Build.0 = Release|Any CPU
		{C5A81971-58DF-4151-8944-13996E239200}.Ad-Hoc|Any CPU.ActiveCfg = Release|Any CPU
		{C5A81971-58DF-4151-8944-13996E239200}.Ad-Hoc|Any CPU.Build.0 = Release|Any CPU
		{C5A81971-58DF-4151-8944-13996E239200}.Ad-Hoc|ARM.ActiveCfg = Release|Any CPU
		{C5A81971-58DF-4151-8944-13996E239200}.Ad-Hoc|ARM.Build.0 = Release|Any CPU
		{C5A81971-58DF-4151-8944-13996E239200}.Ad-Hoc|ARM64.ActiveCfg = Release|Any CPU
		{C5A81971-58DF-4151-8944-13996E239200}.Ad-Hoc|ARM64.Build.0 = Release|Any CPU
		{C5A81971-58DF-4151-8944-13996E239200}.Ad-Hoc|iPhone.ActiveCfg = Release|Any CPU
		{C5A81971-58DF-4151-8944-13996E239200}.Ad-Hoc|iPhone.Build.0 = Release|Any CPU
		{C5A81971-58DF-4151-8944-13996E239200}.Ad-Hoc|iPhoneSimulator.ActiveCfg = Release|Any CPU
		{C5A81971-58DF-4151-8944-13996E239200}.Ad-Hoc|iPhoneSimulator.Build.0 = Release|Any CPU
		{C5A81971-58DF-4151-8944-13996E239200}.Ad-Hoc|x64.ActiveCfg = Release|Any CPU
		{C5A81971-58DF-4151-8944-13996E239200}.Ad-Hoc|x64.Build.0 = Release|Any CPU
		{C5A81971-58DF-4151-8944-13996E239200}.Ad-Hoc|x86.ActiveCfg = Release|Any CPU
		{C5A81971-58DF-4151-8944-13996E239200}.Ad-Hoc|x86.Build.0 = Release|Any CPU
		{C5A81971-58DF-4151-8944-13996E239200}.AppStore|Any CPU.ActiveCfg = Release|Any CPU
		{C5A81971-58DF-4151-8944-13996E239200}.AppStore|Any CPU.Build.0 = Release|Any CPU
		{C5A81971-58DF-4151-8944-13996E239200}.AppStore|ARM.ActiveCfg = Release|Any CPU
		{C5A81971-58DF-4151-8944-13996E239200}.AppStore|ARM.Build.0 = Release|Any CPU
		{C5A81971-58DF-4151-8944-13996E239200}.AppStore|ARM64.ActiveCfg = Release|Any CPU
		{C5A81971-58DF-4151-8944-13996E239200}.AppStore|ARM64.Build.0 = Release|Any CPU
		{C5A81971-58DF-4151-8944-13996E239200}.AppStore|iPhone.ActiveCfg = Release|Any CPU
		{C5A81971-58DF-4151-8944-13996E239200}.AppStore|iPhone.Build.0 = Release|Any CPU
		{C5A81971-58DF-4151-8944-13996E239200}.AppStore|iPhoneSimulator.ActiveCfg = Release|Any CPU
		{C5A81971-58DF-4151-8944-13996E239200}.AppStore|iPhoneSimulator.Build.0 = Release|Any CPU
		{C5A81971-58DF-4151-8944-13996E239200}.AppStore|x64.ActiveCfg = Release|Any CPU
		{C5A81971-58DF-4151-8944-13996E239200}.AppStore|x64.Build.0 = Release|Any CPU
		{C5A81971-58DF-4151-8944-13996E239200}.AppStore|x86.ActiveCfg = Release|Any CPU
		{C5A81971-58DF-4151-8944-13996E239200}.AppStore|x86.Build.0 = Release|Any CPU
		{C5A81971-58DF-4151-8944-13996E239200}.Debug|Any CPU.ActiveCfg = Debug|Any CPU
		{C5A81971-58DF-4151-8944-13996E239200}.Debug|Any CPU.Build.0 = Debug|Any CPU
		{C5A81971-58DF-4151-8944-13996E239200}.Debug|ARM.ActiveCfg = Debug|Any CPU
		{C5A81971-58DF-4151-8944-13996E239200}.Debug|ARM.Build.0 = Debug|Any CPU
		{C5A81971-58DF-4151-8944-13996E239200}.Debug|ARM64.ActiveCfg = Debug|Any CPU
		{C5A81971-58DF-4151-8944-13996E239200}.Debug|ARM64.Build.0 = Debug|Any CPU
		{C5A81971-58DF-4151-8944-13996E239200}.Debug|iPhone.ActiveCfg = Debug|Any CPU
		{C5A81971-58DF-4151-8944-13996E239200}.Debug|iPhone.Build.0 = Debug|Any CPU
		{C5A81971-58DF-4151-8944-13996E239200}.Debug|iPhoneSimulator.ActiveCfg = Debug|Any CPU
		{C5A81971-58DF-4151-8944-13996E239200}.Debug|iPhoneSimulator.Build.0 = Debug|Any CPU
		{C5A81971-58DF-4151-8944-13996E239200}.Debug|x64.ActiveCfg = Debug|Any CPU
		{C5A81971-58DF-4151-8944-13996E239200}.Debug|x64.Build.0 = Debug|Any CPU
		{C5A81971-58DF-4151-8944-13996E239200}.Debug|x86.ActiveCfg = Debug|Any CPU
		{C5A81971-58DF-4151-8944-13996E239200}.Debug|x86.Build.0 = Debug|Any CPU
		{C5A81971-58DF-4151-8944-13996E239200}.Release|Any CPU.ActiveCfg = Release|Any CPU
		{C5A81971-58DF-4151-8944-13996E239200}.Release|Any CPU.Build.0 = Release|Any CPU
		{C5A81971-58DF-4151-8944-13996E239200}.Release|ARM.ActiveCfg = Release|Any CPU
		{C5A81971-58DF-4151-8944-13996E239200}.Release|ARM.Build.0 = Release|Any CPU
		{C5A81971-58DF-4151-8944-13996E239200}.Release|ARM64.ActiveCfg = Release|Any CPU
		{C5A81971-58DF-4151-8944-13996E239200}.Release|ARM64.Build.0 = Release|Any CPU
		{C5A81971-58DF-4151-8944-13996E239200}.Release|iPhone.ActiveCfg = Release|Any CPU
		{C5A81971-58DF-4151-8944-13996E239200}.Release|iPhone.Build.0 = Release|Any CPU
		{C5A81971-58DF-4151-8944-13996E239200}.Release|iPhoneSimulator.ActiveCfg = Release|Any CPU
		{C5A81971-58DF-4151-8944-13996E239200}.Release|iPhoneSimulator.Build.0 = Release|Any CPU
		{C5A81971-58DF-4151-8944-13996E239200}.Release|x64.ActiveCfg = Release|Any CPU
		{C5A81971-58DF-4151-8944-13996E239200}.Release|x64.Build.0 = Release|Any CPU
		{C5A81971-58DF-4151-8944-13996E239200}.Release|x86.ActiveCfg = Release|Any CPU
		{C5A81971-58DF-4151-8944-13996E239200}.Release|x86.Build.0 = Release|Any CPU
		{28A07534-9D77-420D-B9B2-E84DC0BE9CC9}.Ad-Hoc|Any CPU.ActiveCfg = Debug|Any CPU
		{28A07534-9D77-420D-B9B2-E84DC0BE9CC9}.Ad-Hoc|Any CPU.Build.0 = Debug|Any CPU
		{28A07534-9D77-420D-B9B2-E84DC0BE9CC9}.Ad-Hoc|ARM.ActiveCfg = Debug|Any CPU
		{28A07534-9D77-420D-B9B2-E84DC0BE9CC9}.Ad-Hoc|ARM.Build.0 = Debug|Any CPU
		{28A07534-9D77-420D-B9B2-E84DC0BE9CC9}.Ad-Hoc|ARM64.ActiveCfg = Debug|Any CPU
		{28A07534-9D77-420D-B9B2-E84DC0BE9CC9}.Ad-Hoc|ARM64.Build.0 = Debug|Any CPU
		{28A07534-9D77-420D-B9B2-E84DC0BE9CC9}.Ad-Hoc|iPhone.ActiveCfg = Debug|Any CPU
		{28A07534-9D77-420D-B9B2-E84DC0BE9CC9}.Ad-Hoc|iPhone.Build.0 = Debug|Any CPU
		{28A07534-9D77-420D-B9B2-E84DC0BE9CC9}.Ad-Hoc|iPhoneSimulator.ActiveCfg = Debug|Any CPU
		{28A07534-9D77-420D-B9B2-E84DC0BE9CC9}.Ad-Hoc|iPhoneSimulator.Build.0 = Debug|Any CPU
		{28A07534-9D77-420D-B9B2-E84DC0BE9CC9}.Ad-Hoc|x64.ActiveCfg = Debug|Any CPU
		{28A07534-9D77-420D-B9B2-E84DC0BE9CC9}.Ad-Hoc|x64.Build.0 = Debug|Any CPU
		{28A07534-9D77-420D-B9B2-E84DC0BE9CC9}.Ad-Hoc|x86.ActiveCfg = Debug|Any CPU
		{28A07534-9D77-420D-B9B2-E84DC0BE9CC9}.Ad-Hoc|x86.Build.0 = Debug|Any CPU
		{28A07534-9D77-420D-B9B2-E84DC0BE9CC9}.AppStore|Any CPU.ActiveCfg = Debug|Any CPU
		{28A07534-9D77-420D-B9B2-E84DC0BE9CC9}.AppStore|Any CPU.Build.0 = Debug|Any CPU
		{28A07534-9D77-420D-B9B2-E84DC0BE9CC9}.AppStore|ARM.ActiveCfg = Debug|Any CPU
		{28A07534-9D77-420D-B9B2-E84DC0BE9CC9}.AppStore|ARM.Build.0 = Debug|Any CPU
		{28A07534-9D77-420D-B9B2-E84DC0BE9CC9}.AppStore|ARM64.ActiveCfg = Debug|Any CPU
		{28A07534-9D77-420D-B9B2-E84DC0BE9CC9}.AppStore|ARM64.Build.0 = Debug|Any CPU
		{28A07534-9D77-420D-B9B2-E84DC0BE9CC9}.AppStore|iPhone.ActiveCfg = Debug|Any CPU
		{28A07534-9D77-420D-B9B2-E84DC0BE9CC9}.AppStore|iPhone.Build.0 = Debug|Any CPU
		{28A07534-9D77-420D-B9B2-E84DC0BE9CC9}.AppStore|iPhoneSimulator.ActiveCfg = Debug|Any CPU
		{28A07534-9D77-420D-B9B2-E84DC0BE9CC9}.AppStore|iPhoneSimulator.Build.0 = Debug|Any CPU
		{28A07534-9D77-420D-B9B2-E84DC0BE9CC9}.AppStore|x64.ActiveCfg = Debug|Any CPU
		{28A07534-9D77-420D-B9B2-E84DC0BE9CC9}.AppStore|x64.Build.0 = Debug|Any CPU
		{28A07534-9D77-420D-B9B2-E84DC0BE9CC9}.AppStore|x86.ActiveCfg = Debug|Any CPU
		{28A07534-9D77-420D-B9B2-E84DC0BE9CC9}.AppStore|x86.Build.0 = Debug|Any CPU
		{28A07534-9D77-420D-B9B2-E84DC0BE9CC9}.Debug|Any CPU.ActiveCfg = Debug|Any CPU
		{28A07534-9D77-420D-B9B2-E84DC0BE9CC9}.Debug|Any CPU.Build.0 = Debug|Any CPU
		{28A07534-9D77-420D-B9B2-E84DC0BE9CC9}.Debug|ARM.ActiveCfg = Debug|Any CPU
		{28A07534-9D77-420D-B9B2-E84DC0BE9CC9}.Debug|ARM.Build.0 = Debug|Any CPU
		{28A07534-9D77-420D-B9B2-E84DC0BE9CC9}.Debug|ARM64.ActiveCfg = Debug|Any CPU
		{28A07534-9D77-420D-B9B2-E84DC0BE9CC9}.Debug|ARM64.Build.0 = Debug|Any CPU
		{28A07534-9D77-420D-B9B2-E84DC0BE9CC9}.Debug|iPhone.ActiveCfg = Debug|Any CPU
		{28A07534-9D77-420D-B9B2-E84DC0BE9CC9}.Debug|iPhone.Build.0 = Debug|Any CPU
		{28A07534-9D77-420D-B9B2-E84DC0BE9CC9}.Debug|iPhoneSimulator.ActiveCfg = Debug|Any CPU
		{28A07534-9D77-420D-B9B2-E84DC0BE9CC9}.Debug|iPhoneSimulator.Build.0 = Debug|Any CPU
		{28A07534-9D77-420D-B9B2-E84DC0BE9CC9}.Debug|x64.ActiveCfg = Debug|Any CPU
		{28A07534-9D77-420D-B9B2-E84DC0BE9CC9}.Debug|x64.Build.0 = Debug|Any CPU
		{28A07534-9D77-420D-B9B2-E84DC0BE9CC9}.Debug|x86.ActiveCfg = Debug|Any CPU
		{28A07534-9D77-420D-B9B2-E84DC0BE9CC9}.Debug|x86.Build.0 = Debug|Any CPU
		{28A07534-9D77-420D-B9B2-E84DC0BE9CC9}.Release|Any CPU.ActiveCfg = Release|Any CPU
		{28A07534-9D77-420D-B9B2-E84DC0BE9CC9}.Release|Any CPU.Build.0 = Release|Any CPU
		{28A07534-9D77-420D-B9B2-E84DC0BE9CC9}.Release|ARM.ActiveCfg = Release|Any CPU
		{28A07534-9D77-420D-B9B2-E84DC0BE9CC9}.Release|ARM.Build.0 = Release|Any CPU
		{28A07534-9D77-420D-B9B2-E84DC0BE9CC9}.Release|ARM64.ActiveCfg = Release|Any CPU
		{28A07534-9D77-420D-B9B2-E84DC0BE9CC9}.Release|ARM64.Build.0 = Release|Any CPU
		{28A07534-9D77-420D-B9B2-E84DC0BE9CC9}.Release|iPhone.ActiveCfg = Release|Any CPU
		{28A07534-9D77-420D-B9B2-E84DC0BE9CC9}.Release|iPhone.Build.0 = Release|Any CPU
		{28A07534-9D77-420D-B9B2-E84DC0BE9CC9}.Release|iPhoneSimulator.ActiveCfg = Release|Any CPU
		{28A07534-9D77-420D-B9B2-E84DC0BE9CC9}.Release|iPhoneSimulator.Build.0 = Release|Any CPU
		{28A07534-9D77-420D-B9B2-E84DC0BE9CC9}.Release|x64.ActiveCfg = Release|Any CPU
		{28A07534-9D77-420D-B9B2-E84DC0BE9CC9}.Release|x64.Build.0 = Release|Any CPU
		{28A07534-9D77-420D-B9B2-E84DC0BE9CC9}.Release|x86.ActiveCfg = Release|Any CPU
		{28A07534-9D77-420D-B9B2-E84DC0BE9CC9}.Release|x86.Build.0 = Release|Any CPU
	EndGlobalSection
	GlobalSection(SolutionProperties) = preSolution
		HideSolutionNode = FALSE
	EndGlobalSection
	GlobalSection(NestedProjects) = preSolution
		{A8D1F02B-6720-4C23-B475-3B25F544F6ED} = {9BE7F3D4-CE51-419A-85C5-F4F062B0F160}
		{3C69E3DC-B07E-4F4C-99BA-3197CC245633} = {A8D1F02B-6720-4C23-B475-3B25F544F6ED}
		{D277700B-CDAE-4397-97F3-9199A45356E8} = {9BE7F3D4-CE51-419A-85C5-F4F062B0F160}
		{616CCCA4-8A09-442C-8BF0-4DB3CD0A9DB9} = {D277700B-CDAE-4397-97F3-9199A45356E8}
		{143D51F1-81FA-44FA-B5E0-3C830A5291CE} = {9BE7F3D4-CE51-419A-85C5-F4F062B0F160}
		{7CBB3D89-9887-45F7-BACF-861288CAB371} = {143D51F1-81FA-44FA-B5E0-3C830A5291CE}
		{51A6D8A7-F166-4F26-8F1E-34D527D03289} = {143D51F1-81FA-44FA-B5E0-3C830A5291CE}
		{21681F11-11CC-45A8-B052-86973040D564} = {143D51F1-81FA-44FA-B5E0-3C830A5291CE}
		{60877AB9-9FC3-4BBF-BC45-AC15F9E99540} = {9BE7F3D4-CE51-419A-85C5-F4F062B0F160}
		{EF4CE183-387D-44C1-A61A-0466599FC4DF} = {60877AB9-9FC3-4BBF-BC45-AC15F9E99540}
		{E431EF8E-2A2E-4FA7-9331-A4C96D2EFD31} = {9BE7F3D4-CE51-419A-85C5-F4F062B0F160}
		{3CE97673-FD14-4814-8FF9-B553A1564173} = {E431EF8E-2A2E-4FA7-9331-A4C96D2EFD31}
		{C5A81971-58DF-4151-8944-13996E239200} = {3CE97673-FD14-4814-8FF9-B553A1564173}
		{45A46590-CE0B-4BFD-B6C9-E402881B9561} = {9BE7F3D4-CE51-419A-85C5-F4F062B0F160}
		{16715D10-15BE-4F8C-B5B2-ABF49020DC45} = {45A46590-CE0B-4BFD-B6C9-E402881B9561}
		{28A07534-9D77-420D-B9B2-E84DC0BE9CC9} = {16715D10-15BE-4F8C-B5B2-ABF49020DC45}
	EndGlobalSection
	GlobalSection(ExtensibilityGlobals) = postSolution
		SolutionGuid = {BFF0EF0E-5955-4A13-AA7C-BF40818E1B92}
	EndGlobalSection
EndGlobal
